// !$*UTF8*$!
{
	archiveVersion = 1;
	classes = {
	};
	objectVersion = 46;
	objects = {

/* Begin PBXBuildFile section */
		252CAC061D76E162002A9D99 /* ScheduleManager.swift in Sources */ = {isa = PBXBuildFile; fileRef = 252CAC051D76E162002A9D99 /* ScheduleManager.swift */; };
		25311E4D1D6D8E6600F41DF0 /* AppDelegate.swift in Sources */ = {isa = PBXBuildFile; fileRef = 25311E4C1D6D8E6600F41DF0 /* AppDelegate.swift */; };
		25311E521D6D8E6600F41DF0 /* Main.storyboard in Resources */ = {isa = PBXBuildFile; fileRef = 25311E501D6D8E6600F41DF0 /* Main.storyboard */; };
		25311E571D6D8E6600F41DF0 /* Assets.xcassets in Resources */ = {isa = PBXBuildFile; fileRef = 25311E561D6D8E6600F41DF0 /* Assets.xcassets */; };
		25311E5A1D6D8E6600F41DF0 /* LaunchScreen.storyboard in Resources */ = {isa = PBXBuildFile; fileRef = 25311E581D6D8E6600F41DF0 /* LaunchScreen.storyboard */; };
		25311E621D6D8EE100F41DF0 /* BeaconTableView.swift in Sources */ = {isa = PBXBuildFile; fileRef = 25311E611D6D8EE100F41DF0 /* BeaconTableView.swift */; };
		2531630E1D75B8A800120F48 /* Extension.swift in Sources */ = {isa = PBXBuildFile; fileRef = 2531630D1D75B8A800120F48 /* Extension.swift */; };
		25332C721DB766CA0064F393 /* EstimoteSDK.framework in Frameworks */ = {isa = PBXBuildFile; fileRef = 25332C711DB766CA0064F393 /* EstimoteSDK.framework */; };
		25332C741DB775BB0064F393 /* Rooms.swift in Sources */ = {isa = PBXBuildFile; fileRef = 25332C731DB775BB0064F393 /* Rooms.swift */; };
		2535374E1D6ED40400E0D9AB /* Beacon.swift in Sources */ = {isa = PBXBuildFile; fileRef = 2535374D1D6ED40400E0D9AB /* Beacon.swift */; };
		253935E51D8BEE1A009A676E /* GoogleAPIManager.swift in Sources */ = {isa = PBXBuildFile; fileRef = 253935E41D8BEE1A009A676E /* GoogleAPIManager.swift */; };
		253935EB1D8C01DA009A676E /* Event.swift in Sources */ = {isa = PBXBuildFile; fileRef = 253935EA1D8C01DA009A676E /* Event.swift */; };
		253A21B01D911113006AD6E6 /* ScheduleVC.swift in Sources */ = {isa = PBXBuildFile; fileRef = 253A21AF1D911113006AD6E6 /* ScheduleVC.swift */; };
		2551E56D1D8FC5B700BF54B8 /* GTMOAuth2ViewTouch.xib in Resources */ = {isa = PBXBuildFile; fileRef = 2551E56C1D8FC5B700BF54B8 /* GTMOAuth2ViewTouch.xib */; };
		2552B7801DA24C400094CDED /* SettingsVC.swift in Sources */ = {isa = PBXBuildFile; fileRef = 2552B77F1DA24C400094CDED /* SettingsVC.swift */; };
		2552B7841DA27B0C0094CDED /* LoginVC.swift in Sources */ = {isa = PBXBuildFile; fileRef = 2552B7831DA27B0C0094CDED /* LoginVC.swift */; };
		256405721DAB751300DE7C16 /* EventVC.swift in Sources */ = {isa = PBXBuildFile; fileRef = 256405711DAB751300DE7C16 /* EventVC.swift */; };
		3EC2A8DE3FCBF79E3E6AEF63 /* Pods_beaconRooms.framework in Frameworks */ = {isa = PBXBuildFile; fileRef = 7560E91F37C7D33E8C85B6E5 /* Pods_beaconRooms.framework */; };
/* End PBXBuildFile section */

/* Begin PBXFileReference section */
		13607D30A4AF2E2477F27720 /* Pods-beaconRooms.debug.xcconfig */ = {isa = PBXFileReference; includeInIndex = 1; lastKnownFileType = text.xcconfig; name = "Pods-beaconRooms.debug.xcconfig"; path = "Pods/Target Support Files/Pods-beaconRooms/Pods-beaconRooms.debug.xcconfig"; sourceTree = "<group>"; };
		252CAC051D76E162002A9D99 /* ScheduleManager.swift */ = {isa = PBXFileReference; fileEncoding = 4; lastKnownFileType = sourcecode.swift; path = ScheduleManager.swift; sourceTree = "<group>"; };
		25311E491D6D8E6600F41DF0 /* beaconRooms.app */ = {isa = PBXFileReference; explicitFileType = wrapper.application; includeInIndex = 0; path = beaconRooms.app; sourceTree = BUILT_PRODUCTS_DIR; };
		25311E4C1D6D8E6600F41DF0 /* AppDelegate.swift */ = {isa = PBXFileReference; lastKnownFileType = sourcecode.swift; path = AppDelegate.swift; sourceTree = "<group>"; };
		25311E511D6D8E6600F41DF0 /* Base */ = {isa = PBXFileReference; lastKnownFileType = file.storyboard; name = Base; path = Base.lproj/Main.storyboard; sourceTree = "<group>"; };
		25311E561D6D8E6600F41DF0 /* Assets.xcassets */ = {isa = PBXFileReference; lastKnownFileType = folder.assetcatalog; path = Assets.xcassets; sourceTree = "<group>"; };
		25311E591D6D8E6600F41DF0 /* Base */ = {isa = PBXFileReference; lastKnownFileType = file.storyboard; name = Base; path = Base.lproj/LaunchScreen.storyboard; sourceTree = "<group>"; };
		25311E5B1D6D8E6600F41DF0 /* Info.plist */ = {isa = PBXFileReference; lastKnownFileType = text.plist.xml; path = Info.plist; sourceTree = "<group>"; };
		25311E611D6D8EE100F41DF0 /* BeaconTableView.swift */ = {isa = PBXFileReference; fileEncoding = 4; lastKnownFileType = sourcecode.swift; path = BeaconTableView.swift; sourceTree = "<group>"; };
		25311E691D6D928900F41DF0 /* beaconRooms-Bridging-Header.h */ = {isa = PBXFileReference; lastKnownFileType = sourcecode.c.h; path = "beaconRooms-Bridging-Header.h"; sourceTree = "<group>"; };
		2531630D1D75B8A800120F48 /* Extension.swift */ = {isa = PBXFileReference; fileEncoding = 4; lastKnownFileType = sourcecode.swift; path = Extension.swift; sourceTree = "<group>"; };
		25332C711DB766CA0064F393 /* EstimoteSDK.framework */ = {isa = PBXFileReference; lastKnownFileType = wrapper.framework; name = EstimoteSDK.framework; path = beaconRooms/EstimoteSDK.framework; sourceTree = "<group>"; };
		25332C731DB775BB0064F393 /* Rooms.swift */ = {isa = PBXFileReference; fileEncoding = 4; lastKnownFileType = sourcecode.swift; path = Rooms.swift; sourceTree = "<group>"; };
		2535374D1D6ED40400E0D9AB /* Beacon.swift */ = {isa = PBXFileReference; fileEncoding = 4; lastKnownFileType = sourcecode.swift; path = Beacon.swift; sourceTree = "<group>"; };
		253935E41D8BEE1A009A676E /* GoogleAPIManager.swift */ = {isa = PBXFileReference; fileEncoding = 4; lastKnownFileType = sourcecode.swift; path = GoogleAPIManager.swift; sourceTree = "<group>"; };
		253935EA1D8C01DA009A676E /* Event.swift */ = {isa = PBXFileReference; fileEncoding = 4; lastKnownFileType = sourcecode.swift; path = Event.swift; sourceTree = "<group>"; };
		253A21AF1D911113006AD6E6 /* ScheduleVC.swift */ = {isa = PBXFileReference; fileEncoding = 4; lastKnownFileType = sourcecode.swift; path = ScheduleVC.swift; sourceTree = "<group>"; };
		2551E56C1D8FC5B700BF54B8 /* GTMOAuth2ViewTouch.xib */ = {isa = PBXFileReference; fileEncoding = 4; lastKnownFileType = file.xib; path = GTMOAuth2ViewTouch.xib; sourceTree = "<group>"; };
		2552B77F1DA24C400094CDED /* SettingsVC.swift */ = {isa = PBXFileReference; fileEncoding = 4; lastKnownFileType = sourcecode.swift; path = SettingsVC.swift; sourceTree = "<group>"; };
		2552B7831DA27B0C0094CDED /* LoginVC.swift */ = {isa = PBXFileReference; fileEncoding = 4; lastKnownFileType = sourcecode.swift; path = LoginVC.swift; sourceTree = "<group>"; };
		256405711DAB751300DE7C16 /* EventVC.swift */ = {isa = PBXFileReference; fileEncoding = 4; lastKnownFileType = sourcecode.swift; path = EventVC.swift; sourceTree = "<group>"; };
		7560E91F37C7D33E8C85B6E5 /* Pods_beaconRooms.framework */ = {isa = PBXFileReference; explicitFileType = wrapper.framework; includeInIndex = 0; path = Pods_beaconRooms.framework; sourceTree = BUILT_PRODUCTS_DIR; };
		C999CD70957E0CBDCAE2870B /* Pods-beaconRooms.release.xcconfig */ = {isa = PBXFileReference; includeInIndex = 1; lastKnownFileType = text.xcconfig; name = "Pods-beaconRooms.release.xcconfig"; path = "Pods/Target Support Files/Pods-beaconRooms/Pods-beaconRooms.release.xcconfig"; sourceTree = "<group>"; };
/* End PBXFileReference section */

/* Begin PBXFrameworksBuildPhase section */
		25311E461D6D8E6600F41DF0 /* Frameworks */ = {
			isa = PBXFrameworksBuildPhase;
			buildActionMask = 2147483647;
			files = (
				25332C721DB766CA0064F393 /* EstimoteSDK.framework in Frameworks */,
				3EC2A8DE3FCBF79E3E6AEF63 /* Pods_beaconRooms.framework in Frameworks */,
			);
			runOnlyForDeploymentPostprocessing = 0;
		};
/* End PBXFrameworksBuildPhase section */

/* Begin PBXGroup section */
		25311E401D6D8E6600F41DF0 = {
			isa = PBXGroup;
			children = (
				25311E4B1D6D8E6600F41DF0 /* beaconRooms */,
				25311E4A1D6D8E6600F41DF0 /* Products */,
				52BB459D7A01AA9519045C10 /* Pods */,
				494D099BDA38D122B6A42719 /* Frameworks */,
			);
			sourceTree = "<group>";
		};
		25311E4A1D6D8E6600F41DF0 /* Products */ = {
			isa = PBXGroup;
			children = (
				25311E491D6D8E6600F41DF0 /* beaconRooms.app */,
			);
			name = Products;
			sourceTree = "<group>";
		};
		25311E4B1D6D8E6600F41DF0 /* beaconRooms */ = {
			isa = PBXGroup;
			children = (
				25311E711D6D947000F41DF0 /* Resources */,
				25311E701D6D946500F41DF0 /* Classes */,
				25311E6E1D6D942900F41DF0 /* Storyboards */,
			);
			path = beaconRooms;
			sourceTree = "<group>";
		};
		25311E6E1D6D942900F41DF0 /* Storyboards */ = {
			isa = PBXGroup;
			children = (
				25311E501D6D8E6600F41DF0 /* Main.storyboard */,
			);
			name = Storyboards;
			sourceTree = "<group>";
		};
		25311E6F1D6D943300F41DF0 /* UI */ = {
			isa = PBXGroup;
			children = (
				2551204A1D7455220078CB0B /* Found beacons */,
				25311E731D6D94ED00F41DF0 /* Main App */,
			);
			name = UI;
			sourceTree = "<group>";
		};
		25311E701D6D946500F41DF0 /* Classes */ = {
			isa = PBXGroup;
			children = (
				253537531D6EE6F100E0D9AB /* Shared */,
				25311E741D6D955000F41DF0 /* Models */,
				25311E721D6D94AA00F41DF0 /* Other */,
				25311E6F1D6D943300F41DF0 /* UI */,
			);
			name = Classes;
			sourceTree = "<group>";
		};
		25311E711D6D947000F41DF0 /* Resources */ = {
			isa = PBXGroup;
			children = (
				2551E56C1D8FC5B700BF54B8 /* GTMOAuth2ViewTouch.xib */,
				25311E581D6D8E6600F41DF0 /* LaunchScreen.storyboard */,
				25311E561D6D8E6600F41DF0 /* Assets.xcassets */,
				25311E5B1D6D8E6600F41DF0 /* Info.plist */,
				25311E691D6D928900F41DF0 /* beaconRooms-Bridging-Header.h */,
			);
			name = Resources;
			sourceTree = "<group>";
		};
		25311E721D6D94AA00F41DF0 /* Other */ = {
			isa = PBXGroup;
			children = (
				25311E4C1D6D8E6600F41DF0 /* AppDelegate.swift */,
			);
			name = Other;
			sourceTree = "<group>";
		};
		25311E731D6D94ED00F41DF0 /* Main App */ = {
			isa = PBXGroup;
			children = (
				25311E611D6D8EE100F41DF0 /* BeaconTableView.swift */,
				2552B77F1DA24C400094CDED /* SettingsVC.swift */,
				2552B7831DA27B0C0094CDED /* LoginVC.swift */,
			);
			name = "Main App";
			sourceTree = "<group>";
		};
		25311E741D6D955000F41DF0 /* Models */ = {
			isa = PBXGroup;
			children = (
				2535374D1D6ED40400E0D9AB /* Beacon.swift */,
				253935EA1D8C01DA009A676E /* Event.swift */,
				25332C731DB775BB0064F393 /* Rooms.swift */,
			);
			name = Models;
			sourceTree = "<group>";
		};
		253537531D6EE6F100E0D9AB /* Shared */ = {
			isa = PBXGroup;
			children = (
				2531630D1D75B8A800120F48 /* Extension.swift */,
				252CAC051D76E162002A9D99 /* ScheduleManager.swift */,
				253935E41D8BEE1A009A676E /* GoogleAPIManager.swift */,
			);
			name = Shared;
			sourceTree = "<group>";
		};
		2551204A1D7455220078CB0B /* Found beacons */ = {
			isa = PBXGroup;
			children = (
				253A21AF1D911113006AD6E6 /* ScheduleVC.swift */,
				256405711DAB751300DE7C16 /* EventVC.swift */,
			);
			name = "Found beacons";
			sourceTree = "<group>";
		};
		494D099BDA38D122B6A42719 /* Frameworks */ = {
			isa = PBXGroup;
			children = (
				25332C711DB766CA0064F393 /* EstimoteSDK.framework */,
				7560E91F37C7D33E8C85B6E5 /* Pods_beaconRooms.framework */,
			);
			name = Frameworks;
			sourceTree = "<group>";
		};
		52BB459D7A01AA9519045C10 /* Pods */ = {
			isa = PBXGroup;
			children = (
				13607D30A4AF2E2477F27720 /* Pods-beaconRooms.debug.xcconfig */,
				C999CD70957E0CBDCAE2870B /* Pods-beaconRooms.release.xcconfig */,
			);
			name = Pods;
			sourceTree = "<group>";
		};
/* End PBXGroup section */

/* Begin PBXNativeTarget section */
		25311E481D6D8E6600F41DF0 /* beaconRooms */ = {
			isa = PBXNativeTarget;
			buildConfigurationList = 25311E5E1D6D8E6600F41DF0 /* Build configuration list for PBXNativeTarget "beaconRooms" */;
			buildPhases = (
				E97764A94F00606CDA20449A /* [CP] Check Pods Manifest.lock */,
				25311E451D6D8E6600F41DF0 /* Sources */,
				25311E461D6D8E6600F41DF0 /* Frameworks */,
				25311E471D6D8E6600F41DF0 /* Resources */,
				DD9A5DB12E7A8D6A3B172B7D /* [CP] Embed Pods Frameworks */,
				DC0F7154C33BC081A67D5131 /* [CP] Copy Pods Resources */,
			);
			buildRules = (
			);
			dependencies = (
			);
			name = beaconRooms;
			productName = beaconRooms;
			productReference = 25311E491D6D8E6600F41DF0 /* beaconRooms.app */;
			productType = "com.apple.product-type.application";
		};
/* End PBXNativeTarget section */

/* Begin PBXProject section */
		25311E411D6D8E6600F41DF0 /* Project object */ = {
			isa = PBXProject;
			attributes = {
				LastSwiftUpdateCheck = 0730;
				LastUpgradeCheck = 0730;
				ORGANIZATIONNAME = "Mik Jensen";
				TargetAttributes = {
					25311E481D6D8E6600F41DF0 = {
						CreatedOnToolsVersion = 7.3.1;
						DevelopmentTeam = HW27H6H98R;
						SystemCapabilities = {
							com.apple.BackgroundModes = {
								enabled = 0;
							};
						};
					};
				};
			};
			buildConfigurationList = 25311E441D6D8E6600F41DF0 /* Build configuration list for PBXProject "beaconRooms" */;
			compatibilityVersion = "Xcode 3.2";
			developmentRegion = English;
			hasScannedForEncodings = 0;
			knownRegions = (
				en,
				Base,
			);
			mainGroup = 25311E401D6D8E6600F41DF0;
			productRefGroup = 25311E4A1D6D8E6600F41DF0 /* Products */;
			projectDirPath = "";
			projectRoot = "";
			targets = (
				25311E481D6D8E6600F41DF0 /* beaconRooms */,
			);
		};
/* End PBXProject section */

/* Begin PBXResourcesBuildPhase section */
		25311E471D6D8E6600F41DF0 /* Resources */ = {
			isa = PBXResourcesBuildPhase;
			buildActionMask = 2147483647;
			files = (
				2551E56D1D8FC5B700BF54B8 /* GTMOAuth2ViewTouch.xib in Resources */,
				25311E5A1D6D8E6600F41DF0 /* LaunchScreen.storyboard in Resources */,
				25311E571D6D8E6600F41DF0 /* Assets.xcassets in Resources */,
				25311E521D6D8E6600F41DF0 /* Main.storyboard in Resources */,
			);
			runOnlyForDeploymentPostprocessing = 0;
		};
/* End PBXResourcesBuildPhase section */

/* Begin PBXShellScriptBuildPhase section */
		DC0F7154C33BC081A67D5131 /* [CP] Copy Pods Resources */ = {
			isa = PBXShellScriptBuildPhase;
			buildActionMask = 2147483647;
			files = (
			);
			inputPaths = (
			);
			name = "[CP] Copy Pods Resources";
			outputPaths = (
			);
			runOnlyForDeploymentPostprocessing = 0;
			shellPath = /bin/sh;
			shellScript = "\"${SRCROOT}/Pods/Target Support Files/Pods-beaconRooms/Pods-beaconRooms-resources.sh\"\n";
			showEnvVarsInLog = 0;
		};
		DD9A5DB12E7A8D6A3B172B7D /* [CP] Embed Pods Frameworks */ = {
			isa = PBXShellScriptBuildPhase;
			buildActionMask = 2147483647;
			files = (
			);
			inputPaths = (
			);
			name = "[CP] Embed Pods Frameworks";
			outputPaths = (
			);
			runOnlyForDeploymentPostprocessing = 0;
			shellPath = /bin/sh;
			shellScript = "\"${SRCROOT}/Pods/Target Support Files/Pods-beaconRooms/Pods-beaconRooms-frameworks.sh\"\n";
			showEnvVarsInLog = 0;
		};
		E97764A94F00606CDA20449A /* [CP] Check Pods Manifest.lock */ = {
			isa = PBXShellScriptBuildPhase;
			buildActionMask = 2147483647;
			files = (
			);
			inputPaths = (
			);
			name = "[CP] Check Pods Manifest.lock";
			outputPaths = (
			);
			runOnlyForDeploymentPostprocessing = 0;
			shellPath = /bin/sh;
			shellScript = "diff \"${PODS_ROOT}/../Podfile.lock\" \"${PODS_ROOT}/Manifest.lock\" > /dev/null\nif [[ $? != 0 ]] ; then\n    cat << EOM\nerror: The sandbox is not in sync with the Podfile.lock. Run 'pod install' or update your CocoaPods installation.\nEOM\n    exit 1\nfi\n";
			showEnvVarsInLog = 0;
		};
/* End PBXShellScriptBuildPhase section */

/* Begin PBXSourcesBuildPhase section */
		25311E451D6D8E6600F41DF0 /* Sources */ = {
			isa = PBXSourcesBuildPhase;
			buildActionMask = 2147483647;
			files = (
				253935EB1D8C01DA009A676E /* Event.swift in Sources */,
				2552B7841DA27B0C0094CDED /* LoginVC.swift in Sources */,
				25332C741DB775BB0064F393 /* Rooms.swift in Sources */,
				253A21B01D911113006AD6E6 /* ScheduleVC.swift in Sources */,
				25311E621D6D8EE100F41DF0 /* BeaconTableView.swift in Sources */,
				2535374E1D6ED40400E0D9AB /* Beacon.swift in Sources */,
				2552B7801DA24C400094CDED /* SettingsVC.swift in Sources */,
				2531630E1D75B8A800120F48 /* Extension.swift in Sources */,
				25311E4D1D6D8E6600F41DF0 /* AppDelegate.swift in Sources */,
				252CAC061D76E162002A9D99 /* ScheduleManager.swift in Sources */,
				256405721DAB751300DE7C16 /* EventVC.swift in Sources */,
				253935E51D8BEE1A009A676E /* GoogleAPIManager.swift in Sources */,
			);
			runOnlyForDeploymentPostprocessing = 0;
		};
/* End PBXSourcesBuildPhase section */

/* Begin PBXVariantGroup section */
		25311E501D6D8E6600F41DF0 /* Main.storyboard */ = {
			isa = PBXVariantGroup;
			children = (
				25311E511D6D8E6600F41DF0 /* Base */,
			);
			name = Main.storyboard;
			sourceTree = "<group>";
		};
		25311E581D6D8E6600F41DF0 /* LaunchScreen.storyboard */ = {
			isa = PBXVariantGroup;
			children = (
				25311E591D6D8E6600F41DF0 /* Base */,
			);
			name = LaunchScreen.storyboard;
			sourceTree = "<group>";
		};
/* End PBXVariantGroup section */

/* Begin XCBuildConfiguration section */
		25311E5C1D6D8E6600F41DF0 /* Debug */ = {
			isa = XCBuildConfiguration;
			buildSettings = {
				ALWAYS_SEARCH_USER_PATHS = NO;
				CLANG_ANALYZER_NONNULL = YES;
				CLANG_CXX_LANGUAGE_STANDARD = "gnu++0x";
				CLANG_CXX_LIBRARY = "libc++";
				CLANG_ENABLE_MODULES = YES;
				CLANG_ENABLE_OBJC_ARC = YES;
				CLANG_WARN_BOOL_CONVERSION = YES;
				CLANG_WARN_CONSTANT_CONVERSION = YES;
				CLANG_WARN_DIRECT_OBJC_ISA_USAGE = YES_ERROR;
				CLANG_WARN_EMPTY_BODY = YES;
				CLANG_WARN_ENUM_CONVERSION = YES;
				CLANG_WARN_INT_CONVERSION = YES;
				CLANG_WARN_OBJC_ROOT_CLASS = YES_ERROR;
				CLANG_WARN_UNREACHABLE_CODE = YES;
				CLANG_WARN__DUPLICATE_METHOD_MATCH = YES;
				"CODE_SIGN_IDENTITY[sdk=iphoneos*]" = "iPhone Developer";
				COPY_PHASE_STRIP = NO;
				DEBUG_INFORMATION_FORMAT = dwarf;
				ENABLE_STRICT_OBJC_MSGSEND = YES;
				ENABLE_TESTABILITY = YES;
				GCC_C_LANGUAGE_STANDARD = gnu99;
				GCC_DYNAMIC_NO_PIC = NO;
				GCC_NO_COMMON_BLOCKS = YES;
				GCC_OPTIMIZATION_LEVEL = 0;
				GCC_PREPROCESSOR_DEFINITIONS = (
					"DEBUG=1",
					"$(inherited)",
				);
				GCC_WARN_64_TO_32_BIT_CONVERSION = YES;
				GCC_WARN_ABOUT_RETURN_TYPE = YES_ERROR;
				GCC_WARN_UNDECLARED_SELECTOR = YES;
				GCC_WARN_UNINITIALIZED_AUTOS = YES_AGGRESSIVE;
				GCC_WARN_UNUSED_FUNCTION = YES;
				GCC_WARN_UNUSED_VARIABLE = YES;
				IPHONEOS_DEPLOYMENT_TARGET = 9.3;
				MTL_ENABLE_DEBUG_INFO = YES;
				ONLY_ACTIVE_ARCH = YES;
				SDKROOT = iphoneos;
				SWIFT_OPTIMIZATION_LEVEL = "-Onone";
				TARGETED_DEVICE_FAMILY = "1,2";
			};
			name = Debug;
		};
		25311E5D1D6D8E6600F41DF0 /* Release */ = {
			isa = XCBuildConfiguration;
			buildSettings = {
				ALWAYS_SEARCH_USER_PATHS = NO;
				CLANG_ANALYZER_NONNULL = YES;
				CLANG_CXX_LANGUAGE_STANDARD = "gnu++0x";
				CLANG_CXX_LIBRARY = "libc++";
				CLANG_ENABLE_MODULES = YES;
				CLANG_ENABLE_OBJC_ARC = YES;
				CLANG_WARN_BOOL_CONVERSION = YES;
				CLANG_WARN_CONSTANT_CONVERSION = YES;
				CLANG_WARN_DIRECT_OBJC_ISA_USAGE = YES_ERROR;
				CLANG_WARN_EMPTY_BODY = YES;
				CLANG_WARN_ENUM_CONVERSION = YES;
				CLANG_WARN_INT_CONVERSION = YES;
				CLANG_WARN_OBJC_ROOT_CLASS = YES_ERROR;
				CLANG_WARN_UNREACHABLE_CODE = YES;
				CLANG_WARN__DUPLICATE_METHOD_MATCH = YES;
				"CODE_SIGN_IDENTITY[sdk=iphoneos*]" = "iPhone Developer";
				COPY_PHASE_STRIP = NO;
				DEBUG_INFORMATION_FORMAT = "dwarf-with-dsym";
				ENABLE_NS_ASSERTIONS = NO;
				ENABLE_STRICT_OBJC_MSGSEND = YES;
				GCC_C_LANGUAGE_STANDARD = gnu99;
				GCC_NO_COMMON_BLOCKS = YES;
				GCC_WARN_64_TO_32_BIT_CONVERSION = YES;
				GCC_WARN_ABOUT_RETURN_TYPE = YES_ERROR;
				GCC_WARN_UNDECLARED_SELECTOR = YES;
				GCC_WARN_UNINITIALIZED_AUTOS = YES_AGGRESSIVE;
				GCC_WARN_UNUSED_FUNCTION = YES;
				GCC_WARN_UNUSED_VARIABLE = YES;
				IPHONEOS_DEPLOYMENT_TARGET = 9.3;
				MTL_ENABLE_DEBUG_INFO = NO;
				SDKROOT = iphoneos;
				TARGETED_DEVICE_FAMILY = "1,2";
				VALIDATE_PRODUCT = YES;
			};
			name = Release;
		};
		25311E5F1D6D8E6600F41DF0 /* Debug */ = {
			isa = XCBuildConfiguration;
			baseConfigurationReference = 13607D30A4AF2E2477F27720 /* Pods-beaconRooms.debug.xcconfig */;
			buildSettings = {
				ASSETCATALOG_COMPILER_APPICON_NAME = AppIcon;
				CLANG_ENABLE_MODULES = YES;
				CODE_SIGN_IDENTITY = "iPhone Developer";
				"CODE_SIGN_IDENTITY[sdk=iphoneos*]" = "iPhone Developer";
				FRAMEWORK_SEARCH_PATHS = (
					"$(inherited)",
					"$(PROJECT_DIR)/beaconRooms",
				);
				INFOPLIST_FILE = beaconRooms/Info.plist;
				IPHONEOS_DEPLOYMENT_TARGET = 8.4;
				LD_RUNPATH_SEARCH_PATHS = "$(inherited) @executable_path/Frameworks";
				PRODUCT_BUNDLE_IDENTIFIER = com.mik.beaconRooms;
				PRODUCT_NAME = "$(TARGET_NAME)";
				PROVISIONING_PROFILE = "";
				SWIFT_OBJC_BRIDGING_HEADER = "beaconRooms/beaconRooms-Bridging-Header.h";
				SWIFT_OPTIMIZATION_LEVEL = "-Onone";
			};
			name = Debug;
		};
		25311E601D6D8E6600F41DF0 /* Release */ = {
			isa = XCBuildConfiguration;
			baseConfigurationReference = C999CD70957E0CBDCAE2870B /* Pods-beaconRooms.release.xcconfig */;
			buildSettings = {
				ASSETCATALOG_COMPILER_APPICON_NAME = AppIcon;
				CLANG_ENABLE_MODULES = YES;
				CODE_SIGN_IDENTITY = "iPhone Distribution: Nodes Aps";
				"CODE_SIGN_IDENTITY[sdk=iphoneos*]" = "iPhone Distribution: Nodes Aps";
				FRAMEWORK_SEARCH_PATHS = (
					"$(inherited)",
					"$(PROJECT_DIR)/beaconRooms",
				);
				INFOPLIST_FILE = beaconRooms/Info.plist;
				IPHONEOS_DEPLOYMENT_TARGET = 8.4;
				LD_RUNPATH_SEARCH_PATHS = "$(inherited) @executable_path/Frameworks";
				PRODUCT_BUNDLE_IDENTIFIER = com.mik.beaconRooms;
				PRODUCT_NAME = "$(TARGET_NAME)";
				PROVISIONING_PROFILE = "350e4037-8b2d-4cb7-9239-ffc637066d4c";
				SWIFT_OBJC_BRIDGING_HEADER = "beaconRooms/beaconRooms-Bridging-Header.h";
			};
			name = Release;
		};
		254381481DB8C626003A4454 /* Ad Hoc */ = {
			isa = XCBuildConfiguration;
			buildSettings = {
				ALWAYS_SEARCH_USER_PATHS = NO;
				CLANG_ANALYZER_NONNULL = YES;
				CLANG_CXX_LANGUAGE_STANDARD = "gnu++0x";
				CLANG_CXX_LIBRARY = "libc++";
				CLANG_ENABLE_MODULES = YES;
				CLANG_ENABLE_OBJC_ARC = YES;
				CLANG_WARN_BOOL_CONVERSION = YES;
				CLANG_WARN_CONSTANT_CONVERSION = YES;
				CLANG_WARN_DIRECT_OBJC_ISA_USAGE = YES_ERROR;
				CLANG_WARN_EMPTY_BODY = YES;
				CLANG_WARN_ENUM_CONVERSION = YES;
				CLANG_WARN_INT_CONVERSION = YES;
				CLANG_WARN_OBJC_ROOT_CLASS = YES_ERROR;
				CLANG_WARN_UNREACHABLE_CODE = YES;
				CLANG_WARN__DUPLICATE_METHOD_MATCH = YES;
				"CODE_SIGN_IDENTITY[sdk=iphoneos*]" = "iPhone Developer";
				COPY_PHASE_STRIP = NO;
				DEBUG_INFORMATION_FORMAT = "dwarf-with-dsym";
				ENABLE_NS_ASSERTIONS = NO;
				ENABLE_STRICT_OBJC_MSGSEND = YES;
				GCC_C_LANGUAGE_STANDARD = gnu99;
				GCC_NO_COMMON_BLOCKS = YES;
				GCC_WARN_64_TO_32_BIT_CONVERSION = YES;
				GCC_WARN_ABOUT_RETURN_TYPE = YES_ERROR;
				GCC_WARN_UNDECLARED_SELECTOR = YES;
				GCC_WARN_UNINITIALIZED_AUTOS = YES_AGGRESSIVE;
				GCC_WARN_UNUSED_FUNCTION = YES;
				GCC_WARN_UNUSED_VARIABLE = YES;
				IPHONEOS_DEPLOYMENT_TARGET = 9.3;
				MTL_ENABLE_DEBUG_INFO = NO;
				SDKROOT = iphoneos;
				TARGETED_DEVICE_FAMILY = "1,2";
				VALIDATE_PRODUCT = YES;
			};
			name = "Ad Hoc";
		};
		254381491DB8C626003A4454 /* Ad Hoc */ = {
			isa = XCBuildConfiguration;
			baseConfigurationReference = C999CD70957E0CBDCAE2870B /* Pods-beaconRooms.release.xcconfig */;
			buildSettings = {
				ASSETCATALOG_COMPILER_APPICON_NAME = AppIcon;
				CLANG_ENABLE_MODULES = YES;
				CODE_SIGN_IDENTITY = "iPhone Distribution: Nodes Aps";
				"CODE_SIGN_IDENTITY[sdk=iphoneos*]" = "iPhone Distribution: Nodes Aps";
				FRAMEWORK_SEARCH_PATHS = (
					"$(inherited)",
					"$(PROJECT_DIR)/beaconRooms",
				);
				INFOPLIST_FILE = beaconRooms/Info.plist;
				IPHONEOS_DEPLOYMENT_TARGET = 8.4;
				LD_RUNPATH_SEARCH_PATHS = "$(inherited) @executable_path/Frameworks";
				PRODUCT_BUNDLE_IDENTIFIER = com.mik.beaconRooms;
				PRODUCT_NAME = "$(TARGET_NAME)";
				PROVISIONING_PROFILE = "350e4037-8b2d-4cb7-9239-ffc637066d4c";
				SWIFT_OBJC_BRIDGING_HEADER = "beaconRooms/beaconRooms-Bridging-Header.h";
			};
			name = "Ad Hoc";
		};
/* End XCBuildConfiguration section */

/* Begin XCConfigurationList section */
		25311E441D6D8E6600F41DF0 /* Build configuration list for PBXProject "beaconRooms" */ = {
			isa = XCConfigurationList;
			buildConfigurations = (
				25311E5C1D6D8E6600F41DF0 /* Debug */,
				25311E5D1D6D8E6600F41DF0 /* Release */,
				254381481DB8C626003A4454 /* Ad Hoc */,
			);
			defaultConfigurationIsVisible = 0;
			defaultConfigurationName = Release;
		};
		25311E5E1D6D8E6600F41DF0 /* Build configuration list for PBXNativeTarget "beaconRooms" */ = {
			isa = XCConfigurationList;
			buildConfigurations = (
				25311E5F1D6D8E6600F41DF0 /* Debug */,
				25311E601D6D8E6600F41DF0 /* Release */,
				254381491DB8C626003A4454 /* Ad Hoc */,
			);
			defaultConfigurationIsVisible = 0;
			defaultConfigurationName = Release;
		};
/* End XCConfigurationList section */
	};
	rootObject = 25311E411D6D8E6600F41DF0 /* Project object */;
}
